
Microsoft Visual Studio Solution File, Format Version 12.00
# Visual Studio Version 16
VisualStudioVersion = 16.0.30114.105
MinimumVisualStudioVersion = 10.0.40219.1
Project("{2150E333-8FDC-42A3-9474-1A3956D46DE8}") = "Domain", "Domain", "{05DD8705-7CF1-4027-BEAA-17DBE0F3426D}"
EndProject
Project("{2150E333-8FDC-42A3-9474-1A3956D46DE8}") = "SolutionItems", "SolutionItems", "{E154891D-C521-4720-AD60-5BA95BBB49D0}"
	ProjectSection(SolutionItems) = preProject
		SharedAssemblyInfo.cs = SharedAssemblyInfo.cs
	EndProjectSection
EndProject
Project("{2150E333-8FDC-42A3-9474-1A3956D46DE8}") = "Application", "Application", "{807BD23E-A9F8-440D-AE40-6657D37E2793}"
EndProject
Project("{FAE04EC0-301F-11D3-BF4B-00C04F79EFBC}") = "NGU.Border.App.Client", "Application\NGU.Border.App.Client\NGU.Border.App.Client.csproj", "{062EBD86-273B-4309-A8CC-59A22DB54D10}"
EndProject
Project("{FAE04EC0-301F-11D3-BF4B-00C04F79EFBC}") = "NGU.Border.App.Client.Wpf", "Application\NGU.Border.App.Client.Wpf\NGU.Border.App.Client.Wpf.csproj", "{5DC8DAE0-86CC-4BCB-B65B-D066D4EEC037}"
EndProject
Project("{FAE04EC0-301F-11D3-BF4B-00C04F79EFBC}") = "NGU.Border.App.DTO", "Application\NGU.Border.App.DTO\NGU.Border.App.DTO.csproj", "{48843954-7D92-4D2C-B19A-1CBA4EF6F99E}"
EndProject
Project("{FAE04EC0-301F-11D3-BF4B-00C04F79EFBC}") = "NGU.Border.Lang", "Application\NGU.Border.Lang\NGU.Border.Lang.csproj", "{DF31E3E3-A3B9-4085-A613-18E43C3DA8F8}"
EndProject
Project("{FAE04EC0-301F-11D3-BF4B-00C04F79EFBC}") = "NGU.Common", "Application\NGU.Common\NGU.Common.csproj", "{77A0B157-0666-4326-A007-461DC81E83AA}"
EndProject
Project("{FAE04EC0-301F-11D3-BF4B-00C04F79EFBC}") = "NGU.Core", "Domain\NGU.Core\NGU.Core.csproj", "{5328CAEF-D2F3-43C7-95EF-2F88E8AB5479}"
EndProject
Project("{FAE04EC0-301F-11D3-BF4B-00C04F79EFBC}") = "NGU.Enums", "Domain\NGU.Enums\NGU.Enums.csproj", "{3C1A9851-4F80-4B03-8CE0-B45DE3A799EB}"
EndProject
Project("{FAE04EC0-301F-11D3-BF4B-00C04F79EFBC}") = "NGU.Interfaces", "Domain\NGU.Interfaces\NGU.Interfaces.csproj", "{BE1EBD67-4C65-44EB-934A-05A3D331999F}"
EndProject
Project("{FAE04EC0-301F-11D3-BF4B-00C04F79EFBC}") = "NGU.Repositories", "Domain\NGU.Repositories\NGU.Repositories.csproj", "{9E0869F5-9D7E-4B11-8A37-B2FDA369400F}"
EndProject
Project("{FAE04EC0-301F-11D3-BF4B-00C04F79EFBC}") = "NGU.Services", "Domain\NGU.Services\NGU.Services.csproj", "{1A48FCB7-E4F7-4049-8515-1CB932AA424D}"
EndProject
Project("{2150E333-8FDC-42A3-9474-1A3956D46DE8}") = "Application Core", "Application Core", "{03BD2C7D-B256-46CE-9CCA-FD0AF4712E29}"
EndProject
Project("{FAE04EC0-301F-11D3-BF4B-00C04F79EFBC}") = "Pangea.App.Menu", "Application Core\Pangea.App.Menu\Pangea.App.Menu.csproj", "{38FDF3B4-AA7F-4631-A8F4-CDDBC2A4CEB3}"
EndProject
Project("{FAE04EC0-301F-11D3-BF4B-00C04F79EFBC}") = "Pangea.App.Utils", "Application Core\Pangea.App.Utils\Pangea.App.Utils.csproj", "{708AECDC-719D-4A6F-853C-EB6A587906C8}"
EndProject
Project("{FAE04EC0-301F-11D3-BF4B-00C04F79EFBC}") = "NGU.Border.Host.IIS", "Application\NGU.Border.Host.IIS\NGU.Border.Host.IIS.csproj", "{7621D10D-469C-4D0F-812D-E666DB023705}"
EndProject
Project("{FAE04EC0-301F-11D3-BF4B-00C04F79EFBC}") = "IISHostTest", "IISHostTest\IISHostTest.csproj", "{9A9FDFD9-D232-410D-9741-42DA0E0DB845}"
	ProjectSection(ProjectDependencies) = postProject
		{7621D10D-469C-4D0F-812D-E666DB023705} = {7621D10D-469C-4D0F-812D-E666DB023705}
	EndProjectSection
EndProject
Project("{FAE04EC0-301F-11D3-BF4B-00C04F79EFBC}") = "NGU.Border.Controls", "NGU.Border.Controls\NGU.Border.Controls.csproj", "{70F35195-6294-4D6D-88D2-41EF9A6C1117}"
EndProject
Project("{FAE04EC0-301F-11D3-BF4B-00C04F79EFBC}") = "Pangea.App.Services", "Application Core\Pangea.App.Services\Pangea.App.Services.csproj", "{77B92794-C74A-4532-A45C-9709A5892F56}"
EndProject
Global
	GlobalSection(SolutionConfigurationPlatforms) = preSolution
		Debug|Any CPU = Debug|Any CPU
		Debug|x86 = Debug|x86
		Release|Any CPU = Release|Any CPU
		Release|x86 = Release|x86
	EndGlobalSection
	GlobalSection(ProjectConfigurationPlatforms) = postSolution
		{062EBD86-273B-4309-A8CC-59A22DB54D10}.Debug|Any CPU.ActiveCfg = Debug|Any CPU
		{062EBD86-273B-4309-A8CC-59A22DB54D10}.Debug|Any CPU.Build.0 = Debug|Any CPU
		{062EBD86-273B-4309-A8CC-59A22DB54D10}.Debug|x86.ActiveCfg = Debug|Any CPU
		{062EBD86-273B-4309-A8CC-59A22DB54D10}.Debug|x86.Build.0 = Debug|Any CPU
		{062EBD86-273B-4309-A8CC-59A22DB54D10}.Release|Any CPU.ActiveCfg = Release|Any CPU
		{062EBD86-273B-4309-A8CC-59A22DB54D10}.Release|Any CPU.Build.0 = Release|Any CPU
		{062EBD86-273B-4309-A8CC-59A22DB54D10}.Release|x86.ActiveCfg = Release|Any CPU
		{062EBD86-273B-4309-A8CC-59A22DB54D10}.Release|x86.Build.0 = Release|Any CPU
		{5DC8DAE0-86CC-4BCB-B65B-D066D4EEC037}.Debug|Any CPU.ActiveCfg = Debug|Any CPU
		{5DC8DAE0-86CC-4BCB-B65B-D066D4EEC037}.Debug|Any CPU.Build.0 = Debug|Any CPU
		{5DC8DAE0-86CC-4BCB-B65B-D066D4EEC037}.Debug|x86.ActiveCfg = Debug|Any CPU
		{5DC8DAE0-86CC-4BCB-B65B-D066D4EEC037}.Debug|x86.Build.0 = Debug|Any CPU
		{5DC8DAE0-86CC-4BCB-B65B-D066D4EEC037}.Release|Any CPU.ActiveCfg = Release|Any CPU
		{5DC8DAE0-86CC-4BCB-B65B-D066D4EEC037}.Release|Any CPU.Build.0 = Release|Any CPU
		{5DC8DAE0-86CC-4BCB-B65B-D066D4EEC037}.Release|x86.ActiveCfg = Release|Any CPU
		{5DC8DAE0-86CC-4BCB-B65B-D066D4EEC037}.Release|x86.Build.0 = Release|Any CPU
		{48843954-7D92-4D2C-B19A-1CBA4EF6F99E}.Debug|Any CPU.ActiveCfg = Debug|Any CPU
		{48843954-7D92-4D2C-B19A-1CBA4EF6F99E}.Debug|Any CPU.Build.0 = Debug|Any CPU
		{48843954-7D92-4D2C-B19A-1CBA4EF6F99E}.Debug|x86.ActiveCfg = Debug|Any CPU
		{48843954-7D92-4D2C-B19A-1CBA4EF6F99E}.Debug|x86.Build.0 = Debug|Any CPU
		{48843954-7D92-4D2C-B19A-1CBA4EF6F99E}.Release|Any CPU.ActiveCfg = Release|Any CPU
		{48843954-7D92-4D2C-B19A-1CBA4EF6F99E}.Release|Any CPU.Build.0 = Release|Any CPU
		{48843954-7D92-4D2C-B19A-1CBA4EF6F99E}.Release|x86.ActiveCfg = Release|Any CPU
		{48843954-7D92-4D2C-B19A-1CBA4EF6F99E}.Release|x86.Build.0 = Release|Any CPU
		{DF31E3E3-A3B9-4085-A613-18E43C3DA8F8}.Debug|Any CPU.ActiveCfg = Debug|Any CPU
		{DF31E3E3-A3B9-4085-A613-18E43C3DA8F8}.Debug|Any CPU.Build.0 = Debug|Any CPU
		{DF31E3E3-A3B9-4085-A613-18E43C3DA8F8}.Debug|x86.ActiveCfg = Debug|Any CPU
		{DF31E3E3-A3B9-4085-A613-18E43C3DA8F8}.Debug|x86.Build.0 = Debug|Any CPU
		{DF31E3E3-A3B9-4085-A613-18E43C3DA8F8}.Release|Any CPU.ActiveCfg = Release|Any CPU
		{DF31E3E3-A3B9-4085-A613-18E43C3DA8F8}.Release|Any CPU.Build.0 = Release|Any CPU
		{DF31E3E3-A3B9-4085-A613-18E43C3DA8F8}.Release|x86.ActiveCfg = Release|Any CPU
		{DF31E3E3-A3B9-4085-A613-18E43C3DA8F8}.Release|x86.Build.0 = Release|Any CPU
		{77A0B157-0666-4326-A007-461DC81E83AA}.Debug|Any CPU.ActiveCfg = Debug|Any CPU
		{77A0B157-0666-4326-A007-461DC81E83AA}.Debug|Any CPU.Build.0 = Debug|Any CPU
		{77A0B157-0666-4326-A007-461DC81E83AA}.Debug|x86.ActiveCfg = Debug|Any CPU
		{77A0B157-0666-4326-A007-461DC81E83AA}.Debug|x86.Build.0 = Debug|Any CPU
		{77A0B157-0666-4326-A007-461DC81E83AA}.Release|Any CPU.ActiveCfg = Release|Any CPU
		{77A0B157-0666-4326-A007-461DC81E83AA}.Release|Any CPU.Build.0 = Release|Any CPU
		{77A0B157-0666-4326-A007-461DC81E83AA}.Release|x86.ActiveCfg = Release|Any CPU
		{77A0B157-0666-4326-A007-461DC81E83AA}.Release|x86.Build.0 = Release|Any CPU
		{5328CAEF-D2F3-43C7-95EF-2F88E8AB5479}.Debug|Any CPU.ActiveCfg = Debug|Any CPU
		{5328CAEF-D2F3-43C7-95EF-2F88E8AB5479}.Debug|Any CPU.Build.0 = Debug|Any CPU
		{5328CAEF-D2F3-43C7-95EF-2F88E8AB5479}.Debug|x86.ActiveCfg = Debug|Any CPU
		{5328CAEF-D2F3-43C7-95EF-2F88E8AB5479}.Debug|x86.Build.0 = Debug|Any CPU
		{5328CAEF-D2F3-43C7-95EF-2F88E8AB5479}.Release|Any CPU.ActiveCfg = Release|Any CPU
		{5328CAEF-D2F3-43C7-95EF-2F88E8AB5479}.Release|Any CPU.Build.0 = Release|Any CPU
		{5328CAEF-D2F3-43C7-95EF-2F88E8AB5479}.Release|x86.ActiveCfg = Release|Any CPU
		{5328CAEF-D2F3-43C7-95EF-2F88E8AB5479}.Release|x86.Build.0 = Release|Any CPU
		{3C1A9851-4F80-4B03-8CE0-B45DE3A799EB}.Debug|Any CPU.ActiveCfg = Debug|Any CPU
		{3C1A9851-4F80-4B03-8CE0-B45DE3A799EB}.Debug|Any CPU.Build.0 = Debug|Any CPU
		{3C1A9851-4F80-4B03-8CE0-B45DE3A799EB}.Debug|x86.ActiveCfg = Debug|Any CPU
		{3C1A9851-4F80-4B03-8CE0-B45DE3A799EB}.Debug|x86.Build.0 = Debug|Any CPU
		{3C1A9851-4F80-4B03-8CE0-B45DE3A799EB}.Release|Any CPU.ActiveCfg = Release|Any CPU
		{3C1A9851-4F80-4B03-8CE0-B45DE3A799EB}.Release|Any CPU.Build.0 = Release|Any CPU
		{3C1A9851-4F80-4B03-8CE0-B45DE3A799EB}.Release|x86.ActiveCfg = Release|Any CPU
		{3C1A9851-4F80-4B03-8CE0-B45DE3A799EB}.Release|x86.Build.0 = Release|Any CPU
		{BE1EBD67-4C65-44EB-934A-05A3D331999F}.Debug|Any CPU.ActiveCfg = Debug|Any CPU
		{BE1EBD67-4C65-44EB-934A-05A3D331999F}.Debug|Any CPU.Build.0 = Debug|Any CPU
		{BE1EBD67-4C65-44EB-934A-05A3D331999F}.Debug|x86.ActiveCfg = Debug|Any CPU
		{BE1EBD67-4C65-44EB-934A-05A3D331999F}.Debug|x86.Build.0 = Debug|Any CPU
		{BE1EBD67-4C65-44EB-934A-05A3D331999F}.Release|Any CPU.ActiveCfg = Release|Any CPU
		{BE1EBD67-4C65-44EB-934A-05A3D331999F}.Release|Any CPU.Build.0 = Release|Any CPU
		{BE1EBD67-4C65-44EB-934A-05A3D331999F}.Release|x86.ActiveCfg = Release|Any CPU
		{BE1EBD67-4C65-44EB-934A-05A3D331999F}.Release|x86.Build.0 = Release|Any CPU
		{9E0869F5-9D7E-4B11-8A37-B2FDA369400F}.Debug|Any CPU.ActiveCfg = Debug|Any CPU
		{9E0869F5-9D7E-4B11-8A37-B2FDA369400F}.Debug|Any CPU.Build.0 = Debug|Any CPU
		{9E0869F5-9D7E-4B11-8A37-B2FDA369400F}.Debug|x86.ActiveCfg = Debug|Any CPU
		{9E0869F5-9D7E-4B11-8A37-B2FDA369400F}.Debug|x86.Build.0 = Debug|Any CPU
		{9E0869F5-9D7E-4B11-8A37-B2FDA369400F}.Release|Any CPU.ActiveCfg = Release|Any CPU
		{9E0869F5-9D7E-4B11-8A37-B2FDA369400F}.Release|Any CPU.Build.0 = Release|Any CPU
		{9E0869F5-9D7E-4B11-8A37-B2FDA369400F}.Release|x86.ActiveCfg = Release|Any CPU
		{9E0869F5-9D7E-4B11-8A37-B2FDA369400F}.Release|x86.Build.0 = Release|Any CPU
		{1A48FCB7-E4F7-4049-8515-1CB932AA424D}.Debug|Any CPU.ActiveCfg = Debug|Any CPU
		{1A48FCB7-E4F7-4049-8515-1CB932AA424D}.Debug|Any CPU.Build.0 = Debug|Any CPU
		{1A48FCB7-E4F7-4049-8515-1CB932AA424D}.Debug|x86.ActiveCfg = Debug|Any CPU
		{1A48FCB7-E4F7-4049-8515-1CB932AA424D}.Debug|x86.Build.0 = Debug|Any CPU
		{1A48FCB7-E4F7-4049-8515-1CB932AA424D}.Release|Any CPU.ActiveCfg = Release|Any CPU
		{1A48FCB7-E4F7-4049-8515-1CB932AA424D}.Release|Any CPU.Build.0 = Release|Any CPU
		{1A48FCB7-E4F7-4049-8515-1CB932AA424D}.Release|x86.ActiveCfg = Release|Any CPU
		{1A48FCB7-E4F7-4049-8515-1CB932AA424D}.Release|x86.Build.0 = Release|Any CPU
		{38FDF3B4-AA7F-4631-A8F4-CDDBC2A4CEB3}.Debug|Any CPU.ActiveCfg = Debug|Any CPU
		{38FDF3B4-AA7F-4631-A8F4-CDDBC2A4CEB3}.Debug|Any CPU.Build.0 = Debug|Any CPU
		{38FDF3B4-AA7F-4631-A8F4-CDDBC2A4CEB3}.Debug|x86.ActiveCfg = Debug|Any CPU
		{38FDF3B4-AA7F-4631-A8F4-CDDBC2A4CEB3}.Debug|x86.Build.0 = Debug|Any CPU
		{38FDF3B4-AA7F-4631-A8F4-CDDBC2A4CEB3}.Release|Any CPU.ActiveCfg = Release|Any CPU
		{38FDF3B4-AA7F-4631-A8F4-CDDBC2A4CEB3}.Release|Any CPU.Build.0 = Release|Any CPU
		{38FDF3B4-AA7F-4631-A8F4-CDDBC2A4CEB3}.Release|x86.ActiveCfg = Release|Any CPU
		{38FDF3B4-AA7F-4631-A8F4-CDDBC2A4CEB3}.Release|x86.Build.0 = Release|Any CPU
		{708AECDC-719D-4A6F-853C-EB6A587906C8}.Debug|Any CPU.ActiveCfg = Debug|Any CPU
		{708AECDC-719D-4A6F-853C-EB6A587906C8}.Debug|Any CPU.Build.0 = Debug|Any CPU
		{708AECDC-719D-4A6F-853C-EB6A587906C8}.Debug|x86.ActiveCfg = Debug|Any CPU
		{708AECDC-719D-4A6F-853C-EB6A587906C8}.Debug|x86.Build.0 = Debug|Any CPU
		{708AECDC-719D-4A6F-853C-EB6A587906C8}.Release|Any CPU.ActiveCfg = Release|Any CPU
		{708AECDC-719D-4A6F-853C-EB6A587906C8}.Release|Any CPU.Build.0 = Release|Any CPU
		{708AECDC-719D-4A6F-853C-EB6A587906C8}.Release|x86.ActiveCfg = Release|Any CPU
		{708AECDC-719D-4A6F-853C-EB6A587906C8}.Release|x86.Build.0 = Release|Any CPU
		{7621D10D-469C-4D0F-812D-E666DB023705}.Debug|Any CPU.ActiveCfg = Debug|Any CPU
		{7621D10D-469C-4D0F-812D-E666DB023705}.Debug|Any CPU.Build.0 = Debug|Any CPU
		{7621D10D-469C-4D0F-812D-E666DB023705}.Debug|x86.ActiveCfg = Debug|Any CPU
		{7621D10D-469C-4D0F-812D-E666DB023705}.Debug|x86.Build.0 = Debug|Any CPU
		{7621D10D-469C-4D0F-812D-E666DB023705}.Release|Any CPU.ActiveCfg = Release|Any CPU
		{7621D10D-469C-4D0F-812D-E666DB023705}.Release|Any CPU.Build.0 = Release|Any CPU
		{7621D10D-469C-4D0F-812D-E666DB023705}.Release|x86.ActiveCfg = Release|Any CPU
		{7621D10D-469C-4D0F-812D-E666DB023705}.Release|x86.Build.0 = Release|Any CPU
		{9A9FDFD9-D232-410D-9741-42DA0E0DB845}.Debug|Any CPU.ActiveCfg = Debug|Any CPU
		{9A9FDFD9-D232-410D-9741-42DA0E0DB845}.Debug|Any CPU.Build.0 = Debug|Any CPU
		{9A9FDFD9-D232-410D-9741-42DA0E0DB845}.Debug|x86.ActiveCfg = Debug|Any CPU
		{9A9FDFD9-D232-410D-9741-42DA0E0DB845}.Debug|x86.Build.0 = Debug|Any CPU
		{9A9FDFD9-D232-410D-9741-42DA0E0DB845}.Release|Any CPU.ActiveCfg = Release|Any CPU
		{9A9FDFD9-D232-410D-9741-42DA0E0DB845}.Release|Any CPU.Build.0 = Release|Any CPU
		{9A9FDFD9-D232-410D-9741-42DA0E0DB845}.Release|x86.ActiveCfg = Release|Any CPU
		{9A9FDFD9-D232-410D-9741-42DA0E0DB845}.Release|x86.Build.0 = Release|Any CPU
		{70F35195-6294-4D6D-88D2-41EF9A6C1117}.Debug|Any CPU.ActiveCfg = Debug|Any CPU
		{70F35195-6294-4D6D-88D2-41EF9A6C1117}.Debug|Any CPU.Build.0 = Debug|Any CPU
		{70F35195-6294-4D6D-88D2-41EF9A6C1117}.Debug|x86.ActiveCfg = Debug|Any CPU
		{70F35195-6294-4D6D-88D2-41EF9A6C1117}.Debug|x86.Build.0 = Debug|Any CPU
		{70F35195-6294-4D6D-88D2-41EF9A6C1117}.Release|Any CPU.ActiveCfg = Release|Any CPU
		{70F35195-6294-4D6D-88D2-41EF9A6C1117}.Release|Any CPU.Build.0 = Release|Any CPU
		{70F35195-6294-4D6D-88D2-41EF9A6C1117}.Release|x86.ActiveCfg = Release|Any CPU
		{70F35195-6294-4D6D-88D2-41EF9A6C1117}.Release|x86.Build.0 = Release|Any CPU
		{77B92794-C74A-4532-A45C-9709A5892F56}.Debug|Any CPU.ActiveCfg = Debug|Any CPU
		{77B92794-C74A-4532-A45C-9709A5892F56}.Debug|Any CPU.Build.0 = Debug|Any CPU
		{77B92794-C74A-4532-A45C-9709A5892F56}.Debug|x86.ActiveCfg = Debug|Any CPU
		{77B92794-C74A-4532-A45C-9709A5892F56}.Debug|x86.Build.0 = Debug|Any CPU
		{77B92794-C74A-4532-A45C-9709A5892F56}.Release|Any CPU.ActiveCfg = Release|Any CPU
		{77B92794-C74A-4532-A45C-9709A5892F56}.Release|Any CPU.Build.0 = Release|Any CPU
		{77B92794-C74A-4532-A45C-9709A5892F56}.Release|x86.ActiveCfg = Release|Any CPU
		{77B92794-C74A-4532-A45C-9709A5892F56}.Release|x86.Build.0 = Release|Any CPU
	EndGlobalSection
	GlobalSection(SolutionProperties) = preSolution
		HideSolutionNode = FALSE
	EndGlobalSection
	GlobalSection(NestedProjects) = preSolution
		{062EBD86-273B-4309-A8CC-59A22DB54D10} = {807BD23E-A9F8-440D-AE40-6657D37E2793}
		{5DC8DAE0-86CC-4BCB-B65B-D066D4EEC037} = {807BD23E-A9F8-440D-AE40-6657D37E2793}
		{48843954-7D92-4D2C-B19A-1CBA4EF6F99E} = {807BD23E-A9F8-440D-AE40-6657D37E2793}
		{DF31E3E3-A3B9-4085-A613-18E43C3DA8F8} = {807BD23E-A9F8-440D-AE40-6657D37E2793}
		{77A0B157-0666-4326-A007-461DC81E83AA} = {807BD23E-A9F8-440D-AE40-6657D37E2793}
		{5328CAEF-D2F3-43C7-95EF-2F88E8AB5479} = {05DD8705-7CF1-4027-BEAA-17DBE0F3426D}
		{3C1A9851-4F80-4B03-8CE0-B45DE3A799EB} = {05DD8705-7CF1-4027-BEAA-17DBE0F3426D}
		{BE1EBD67-4C65-44EB-934A-05A3D331999F} = {05DD8705-7CF1-4027-BEAA-17DBE0F3426D}
		{9E0869F5-9D7E-4B11-8A37-B2FDA369400F} = {05DD8705-7CF1-4027-BEAA-17DBE0F3426D}
		{1A48FCB7-E4F7-4049-8515-1CB932AA424D} = {05DD8705-7CF1-4027-BEAA-17DBE0F3426D}
		{38FDF3B4-AA7F-4631-A8F4-CDDBC2A4CEB3} = {03BD2C7D-B256-46CE-9CCA-FD0AF4712E29}
		{708AECDC-719D-4A6F-853C-EB6A587906C8} = {03BD2C7D-B256-46CE-9CCA-FD0AF4712E29}
		{7621D10D-469C-4D0F-812D-E666DB023705} = {807BD23E-A9F8-440D-AE40-6657D37E2793}
		{9A9FDFD9-D232-410D-9741-42DA0E0DB845} = {807BD23E-A9F8-440D-AE40-6657D37E2793}
		{70F35195-6294-4D6D-88D2-41EF9A6C1117} = {807BD23E-A9F8-440D-AE40-6657D37E2793}
		{77B92794-C74A-4532-A45C-9709A5892F56} = {03BD2C7D-B256-46CE-9CCA-FD0AF4712E29}
	EndGlobalSection
	GlobalSection(ExtensibilityGlobals) = postSolution
		RESX_PrefixTranslations = True
		RESX_AutoCreateNewLanguageFiles = True
		RESX_ConfirmAddLanguageFile = True
		SolutionGuid = {44DF4653-43AF-477C-89DB-6F54A1E2DFD2}
	EndGlobalSection
EndGlobal
